
Microsoft Visual Studio Solution File, Format Version 12.00
# Visual Studio Version 16
VisualStudioVersion = 16.0.34407.143
MinimumVisualStudioVersion = 10.0.40219.1
Project("{FAE04EC0-301F-11D3-BF4B-00C04F79EFBC}") = "mediaSalario", "mediaSalario\mediaSalario.csproj", "{51733C06-AD01-4448-A968-74A245C1945E}"
EndProject
Global
	GlobalSection(SolutionConfigurationPlatforms) = preSolution
		Debug|Any CPU = Debug|Any CPU
		Release|Any CPU = Release|Any CPU
	EndGlobalSection
	GlobalSection(ProjectConfigurationPlatforms) = postSolution
		{51733C06-AD01-4448-A968-74A245C1945E}.Debug|Any CPU.ActiveCfg = Debug|Any CPU
		{51733C06-AD01-4448-A968-74A245C1945E}.Debug|Any CPU.Build.0 = Debug|Any CPU
		{51733C06-AD01-4448-A968-74A245C1945E}.Release|Any CPU.ActiveCfg = Release|Any CPU
		{51733C06-AD01-4448-A968-74A245C1945E}.Release|Any CPU.Build.0 = Release|Any CPU
	EndGlobalSection
	GlobalSection(SolutionProperties) = preSolution
		HideSolutionNode = FALSE
	EndGlobalSection
	GlobalSection(ExtensibilityGlobals) = postSolution
		SolutionGuid = {707CDD5F-16F8-4151-9CE7-BE3CAC908184}
	EndGlobalSection
EndGlobal
