
Microsoft Visual Studio Solution File, Format Version 12.00
# Visual Studio Version 16
VisualStudioVersion = 16.0.34407.143
MinimumVisualStudioVersion = 10.0.40219.1
Project("{FAE04EC0-301F-11D3-BF4B-00C04F79EFBC}") = "Atividade01", "Atividade01\Atividade01.csproj", "{FB41C032-9037-45EE-A7BF-213312DAEED3}"
EndProject
Global
	GlobalSection(SolutionConfigurationPlatforms) = preSolution
		Debug|Any CPU = Debug|Any CPU
		Release|Any CPU = Release|Any CPU
	EndGlobalSection
	GlobalSection(ProjectConfigurationPlatforms) = postSolution
		{FB41C032-9037-45EE-A7BF-213312DAEED3}.Debug|Any CPU.ActiveCfg = Debug|Any CPU
		{FB41C032-9037-45EE-A7BF-213312DAEED3}.Debug|Any CPU.Build.0 = Debug|Any CPU
		{FB41C032-9037-45EE-A7BF-213312DAEED3}.Release|Any CPU.ActiveCfg = Release|Any CPU
		{FB41C032-9037-45EE-A7BF-213312DAEED3}.Release|Any CPU.Build.0 = Release|Any CPU
	EndGlobalSection
	GlobalSection(SolutionProperties) = preSolution
		HideSolutionNode = FALSE
	EndGlobalSection
	GlobalSection(ExtensibilityGlobals) = postSolution
		SolutionGuid = {F1168262-363A-4FF2-9503-0591C07781D9}
	EndGlobalSection
EndGlobal
